
Microsoft Visual Studio Solution File, Format Version 12.00
# Visual Studio 15
VisualStudioVersion = 15.0.28010.2041
MinimumVisualStudioVersion = 10.0.40219.1
Project("{FAE04EC0-301F-11D3-BF4B-00C04F79EFBC}") = "GasAgency.Android", "GasAgency\GasAgency.Android\GasAgency.Android.csproj", "{D0195EDC-060A-4B9E-A142-803FB50EF8A9}"
EndProject
Project("{FAE04EC0-301F-11D3-BF4B-00C04F79EFBC}") = "GasAgency.iOS", "GasAgency\GasAgency.iOS\GasAgency.iOS.csproj", "{6F0220E2-EA7A-4EAB-A773-A99A8C2E6A47}"
EndProject
Project("{FAE04EC0-301F-11D3-BF4B-00C04F79EFBC}") = "GasAgency", "GasAgency\GasAgency\GasAgency.csproj", "{8171ECBD-EEA8-4E93-B33A-C214E058D649}"
EndProject
Global
	GlobalSection(SolutionConfigurationPlatforms) = preSolution
		Ad-Hoc|Any CPU = Ad-Hoc|Any CPU
		Ad-Hoc|iPhone = Ad-Hoc|iPhone
		Ad-Hoc|iPhoneSimulator = Ad-Hoc|iPhoneSimulator
		AppStore|Any CPU = AppStore|Any CPU
		AppStore|iPhone = AppStore|iPhone
		AppStore|iPhoneSimulator = AppStore|iPhoneSimulator
		Debug|Any CPU = Debug|Any CPU
		Debug|iPhone = Debug|iPhone
		Debug|iPhoneSimulator = Debug|iPhoneSimulator
		Release|Any CPU = Release|Any CPU
		Release|iPhone = Release|iPhone
		Release|iPhoneSimulator = Release|iPhoneSimulator
	EndGlobalSection
	GlobalSection(ProjectConfigurationPlatforms) = postSolution
		{D0195EDC-060A-4B9E-A142-803FB50EF8A9}.Ad-Hoc|Any CPU.ActiveCfg = Release|Any CPU
		{D0195EDC-060A-4B9E-A142-803FB50EF8A9}.Ad-Hoc|Any CPU.Build.0 = Release|Any CPU
		{D0195EDC-060A-4B9E-A142-803FB50EF8A9}.Ad-Hoc|Any CPU.Deploy.0 = Release|Any CPU
		{D0195EDC-060A-4B9E-A142-803FB50EF8A9}.Ad-Hoc|iPhone.ActiveCfg = Release|Any CPU
		{D0195EDC-060A-4B9E-A142-803FB50EF8A9}.Ad-Hoc|iPhone.Build.0 = Release|Any CPU
		{D0195EDC-060A-4B9E-A142-803FB50EF8A9}.Ad-Hoc|iPhone.Deploy.0 = Release|Any CPU
		{D0195EDC-060A-4B9E-A142-803FB50EF8A9}.Ad-Hoc|iPhoneSimulator.ActiveCfg = Release|Any CPU
		{D0195EDC-060A-4B9E-A142-803FB50EF8A9}.Ad-Hoc|iPhoneSimulator.Build.0 = Release|Any CPU
		{D0195EDC-060A-4B9E-A142-803FB50EF8A9}.Ad-Hoc|iPhoneSimulator.Deploy.0 = Release|Any CPU
		{D0195EDC-060A-4B9E-A142-803FB50EF8A9}.AppStore|Any CPU.ActiveCfg = Release|Any CPU
		{D0195EDC-060A-4B9E-A142-803FB50EF8A9}.AppStore|Any CPU.Build.0 = Release|Any CPU
		{D0195EDC-060A-4B9E-A142-803FB50EF8A9}.AppStore|Any CPU.Deploy.0 = Release|Any CPU
		{D0195EDC-060A-4B9E-A142-803FB50EF8A9}.AppStore|iPhone.ActiveCfg = Release|Any CPU
		{D0195EDC-060A-4B9E-A142-803FB50EF8A9}.AppStore|iPhone.Build.0 = Release|Any CPU
		{D0195EDC-060A-4B9E-A142-803FB50EF8A9}.AppStore|iPhone.Deploy.0 = Release|Any CPU
		{D0195EDC-060A-4B9E-A142-803FB50EF8A9}.AppStore|iPhoneSimulator.ActiveCfg = Release|Any CPU
		{D0195EDC-060A-4B9E-A142-803FB50EF8A9}.AppStore|iPhoneSimulator.Build.0 = Release|Any CPU
		{D0195EDC-060A-4B9E-A142-803FB50EF8A9}.AppStore|iPhoneSimulator.Deploy.0 = Release|Any CPU
		{D0195EDC-060A-4B9E-A142-803FB50EF8A9}.Debug|Any CPU.ActiveCfg = Debug|Any CPU
		{D0195EDC-060A-4B9E-A142-803FB50EF8A9}.Debug|Any CPU.Build.0 = Debug|Any CPU
		{D0195EDC-060A-4B9E-A142-803FB50EF8A9}.Debug|Any CPU.Deploy.0 = Debug|Any CPU
		{D0195EDC-060A-4B9E-A142-803FB50EF8A9}.Debug|iPhone.ActiveCfg = Debug|Any CPU
		{D0195EDC-060A-4B9E-A142-803FB50EF8A9}.Debug|iPhone.Build.0 = Debug|Any CPU
		{D0195EDC-060A-4B9E-A142-803FB50EF8A9}.Debug|iPhone.Deploy.0 = Debug|Any CPU
		{D0195EDC-060A-4B9E-A142-803FB50EF8A9}.Debug|iPhoneSimulator.ActiveCfg = Debug|Any CPU
		{D0195EDC-060A-4B9E-A142-803FB50EF8A9}.Debug|iPhoneSimulator.Build.0 = Debug|Any CPU
		{D0195EDC-060A-4B9E-A142-803FB50EF8A9}.Debug|iPhoneSimulator.Deploy.0 = Debug|Any CPU
		{D0195EDC-060A-4B9E-A142-803FB50EF8A9}.Release|Any CPU.ActiveCfg = Release|Any CPU
		{D0195EDC-060A-4B9E-A142-803FB50EF8A9}.Release|Any CPU.Build.0 = Release|Any CPU
		{D0195EDC-060A-4B9E-A142-803FB50EF8A9}.Release|Any CPU.Deploy.0 = Release|Any CPU
		{D0195EDC-060A-4B9E-A142-803FB50EF8A9}.Release|iPhone.ActiveCfg = Release|Any CPU
		{D0195EDC-060A-4B9E-A142-803FB50EF8A9}.Release|iPhone.Build.0 = Release|Any CPU
		{D0195EDC-060A-4B9E-A142-803FB50EF8A9}.Release|iPhone.Deploy.0 = Release|Any CPU
		{D0195EDC-060A-4B9E-A142-803FB50EF8A9}.Release|iPhoneSimulator.ActiveCfg = Release|Any CPU
		{D0195EDC-060A-4B9E-A142-803FB50EF8A9}.Release|iPhoneSimulator.Build.0 = Release|Any CPU
		{D0195EDC-060A-4B9E-A142-803FB50EF8A9}.Release|iPhoneSimulator.Deploy.0 = Release|Any CPU
		{6F0220E2-EA7A-4EAB-A773-A99A8C2E6A47}.Ad-Hoc|Any CPU.ActiveCfg = Ad-Hoc|iPhone
		{6F0220E2-EA7A-4EAB-A773-A99A8C2E6A47}.Ad-Hoc|Any CPU.Build.0 = Ad-Hoc|iPhone
		{6F0220E2-EA7A-4EAB-A773-A99A8C2E6A47}.Ad-Hoc|Any CPU.Deploy.0 = Ad-Hoc|iPhone
		{6F0220E2-EA7A-4EAB-A773-A99A8C2E6A47}.Ad-Hoc|iPhone.ActiveCfg = Ad-Hoc|iPhone
		{6F0220E2-EA7A-4EAB-A773-A99A8C2E6A47}.Ad-Hoc|iPhone.Build.0 = Ad-Hoc|iPhone
		{6F0220E2-EA7A-4EAB-A773-A99A8C2E6A47}.Ad-Hoc|iPhone.Deploy.0 = Ad-Hoc|iPhone
		{6F0220E2-EA7A-4EAB-A773-A99A8C2E6A47}.Ad-Hoc|iPhoneSimulator.ActiveCfg = Ad-Hoc|iPhoneSimulator
		{6F0220E2-EA7A-4EAB-A773-A99A8C2E6A47}.Ad-Hoc|iPhoneSimulator.Build.0 = Ad-Hoc|iPhoneSimulator
		{6F0220E2-EA7A-4EAB-A773-A99A8C2E6A47}.Ad-Hoc|iPhoneSimulator.Deploy.0 = Ad-Hoc|iPhoneSimulator
		{6F0220E2-EA7A-4EAB-A773-A99A8C2E6A47}.AppStore|Any CPU.ActiveCfg = AppStore|iPhone
		{6F0220E2-EA7A-4EAB-A773-A99A8C2E6A47}.AppStore|Any CPU.Build.0 = AppStore|iPhone
		{6F0220E2-EA7A-4EAB-A773-A99A8C2E6A47}.AppStore|Any CPU.Deploy.0 = AppStore|iPhone
		{6F0220E2-EA7A-4EAB-A773-A99A8C2E6A47}.AppStore|iPhone.ActiveCfg = AppStore|iPhone
		{6F0220E2-EA7A-4EAB-A773-A99A8C2E6A47}.AppStore|iPhone.Build.0 = AppStore|iPhone
		{6F0220E2-EA7A-4EAB-A773-A99A8C2E6A47}.AppStore|iPhone.Deploy.0 = AppStore|iPhone
		{6F0220E2-EA7A-4EAB-A773-A99A8C2E6A47}.AppStore|iPhoneSimulator.ActiveCfg = AppStore|iPhoneSimulator
		{6F0220E2-EA7A-4EAB-A773-A99A8C2E6A47}.AppStore|iPhoneSimulator.Build.0 = AppStore|iPhoneSimulator
		{6F0220E2-EA7A-4EAB-A773-A99A8C2E6A47}.AppStore|iPhoneSimulator.Deploy.0 = AppStore|iPhoneSimulator
		{6F0220E2-EA7A-4EAB-A773-A99A8C2E6A47}.Debug|Any CPU.ActiveCfg = Debug|iPhoneSimulator
		{6F0220E2-EA7A-4EAB-A773-A99A8C2E6A47}.Debug|Any CPU.Build.0 = Debug|iPhoneSimulator
		{6F0220E2-EA7A-4EAB-A773-A99A8C2E6A47}.Debug|Any CPU.Deploy.0 = Debug|iPhoneSimulator
		{6F0220E2-EA7A-4EAB-A773-A99A8C2E6A47}.Debug|iPhone.ActiveCfg = Debug|iPhone
		{6F0220E2-EA7A-4EAB-A773-A99A8C2E6A47}.Debug|iPhone.Build.0 = Debug|iPhone
		{6F0220E2-EA7A-4EAB-A773-A99A8C2E6A47}.Debug|iPhone.Deploy.0 = Debug|iPhone
		{6F0220E2-EA7A-4EAB-A773-A99A8C2E6A47}.Debug|iPhoneSimulator.ActiveCfg = Debug|iPhoneSimulator
		{6F0220E2-EA7A-4EAB-A773-A99A8C2E6A47}.Debug|iPhoneSimulator.Build.0 = Debug|iPhoneSimulator
		{6F0220E2-EA7A-4EAB-A773-A99A8C2E6A47}.Debug|iPhoneSimulator.Deploy.0 = Debug|iPhoneSimulator
		{6F0220E2-EA7A-4EAB-A773-A99A8C2E6A47}.Release|Any CPU.ActiveCfg = Release|iPhone
		{6F0220E2-EA7A-4EAB-A773-A99A8C2E6A47}.Release|Any CPU.Build.0 = Release|iPhone
		{6F0220E2-EA7A-4EAB-A773-A99A8C2E6A47}.Release|Any CPU.Deploy.0 = Release|iPhone
		{6F0220E2-EA7A-4EAB-A773-A99A8C2E6A47}.Release|iPhone.ActiveCfg = Release|iPhone
		{6F0220E2-EA7A-4EAB-A773-A99A8C2E6A47}.Release|iPhone.Build.0 = Release|iPhone
		{6F0220E2-EA7A-4EAB-A773-A99A8C2E6A47}.Release|iPhone.Deploy.0 = Release|iPhone
		{6F0220E2-EA7A-4EAB-A773-A99A8C2E6A47}.Release|iPhoneSimulator.ActiveCfg = Release|iPhoneSimulator
		{6F0220E2-EA7A-4EAB-A773-A99A8C2E6A47}.Release|iPhoneSimulator.Build.0 = Release|iPhoneSimulator
		{6F0220E2-EA7A-4EAB-A773-A99A8C2E6A47}.Release|iPhoneSimulator.Deploy.0 = Release|iPhoneSimulator
		{8171ECBD-EEA8-4E93-B33A-C214E058D649}.Ad-Hoc|Any CPU.ActiveCfg = Debug|Any CPU
		{8171ECBD-EEA8-4E93-B33A-C214E058D649}.Ad-Hoc|Any CPU.Build.0 = Debug|Any CPU
		{8171ECBD-EEA8-4E93-B33A-C214E058D649}.Ad-Hoc|Any CPU.Deploy.0 = Debug|Any CPU
		{8171ECBD-EEA8-4E93-B33A-C214E058D649}.Ad-Hoc|iPhone.ActiveCfg = Debug|Any CPU
		{8171ECBD-EEA8-4E93-B33A-C214E058D649}.Ad-Hoc|iPhone.Build.0 = Debug|Any CPU
		{8171ECBD-EEA8-4E93-B33A-C214E058D649}.Ad-Hoc|iPhone.Deploy.0 = Debug|Any CPU
		{8171ECBD-EEA8-4E93-B33A-C214E058D649}.Ad-Hoc|iPhoneSimulator.ActiveCfg = Debug|Any CPU
		{8171ECBD-EEA8-4E93-B33A-C214E058D649}.Ad-Hoc|iPhoneSimulator.Build.0 = Debug|Any CPU
		{8171ECBD-EEA8-4E93-B33A-C214E058D649}.Ad-Hoc|iPhoneSimulator.Deploy.0 = Debug|Any CPU
		{8171ECBD-EEA8-4E93-B33A-C214E058D649}.AppStore|Any CPU.ActiveCfg = Debug|Any CPU
		{8171ECBD-EEA8-4E93-B33A-C214E058D649}.AppStore|Any CPU.Build.0 = Debug|Any CPU
		{8171ECBD-EEA8-4E93-B33A-C214E058D649}.AppStore|Any CPU.Deploy.0 = Debug|Any CPU
		{8171ECBD-EEA8-4E93-B33A-C214E058D649}.AppStore|iPhone.ActiveCfg = Debug|Any CPU
		{8171ECBD-EEA8-4E93-B33A-C214E058D649}.AppStore|iPhone.Build.0 = Debug|Any CPU
		{8171ECBD-EEA8-4E93-B33A-C214E058D649}.AppStore|iPhone.Deploy.0 = Debug|Any CPU
		{8171ECBD-EEA8-4E93-B33A-C214E058D649}.AppStore|iPhoneSimulator.ActiveCfg = Debug|Any CPU
		{8171ECBD-EEA8-4E93-B33A-C214E058D649}.AppStore|iPhoneSimulator.Build.0 = Debug|Any CPU
		{8171ECBD-EEA8-4E93-B33A-C214E058D649}.AppStore|iPhoneSimulator.Deploy.0 = Debug|Any CPU
		{8171ECBD-EEA8-4E93-B33A-C214E058D649}.Debug|Any CPU.ActiveCfg = Debug|Any CPU
		{8171ECBD-EEA8-4E93-B33A-C214E058D649}.Debug|Any CPU.Build.0 = Debug|Any CPU
		{8171ECBD-EEA8-4E93-B33A-C214E058D649}.Debug|Any CPU.Deploy.0 = Debug|Any CPU
		{8171ECBD-EEA8-4E93-B33A-C214E058D649}.Debug|iPhone.ActiveCfg = Debug|Any CPU
		{8171ECBD-EEA8-4E93-B33A-C214E058D649}.Debug|iPhone.Build.0 = Debug|Any CPU
		{8171ECBD-EEA8-4E93-B33A-C214E058D649}.Debug|iPhone.Deploy.0 = Debug|Any CPU
		{8171ECBD-EEA8-4E93-B33A-C214E058D649}.Debug|iPhoneSimulator.ActiveCfg = Debug|Any CPU
		{8171ECBD-EEA8-4E93-B33A-C214E058D649}.Debug|iPhoneSimulator.Build.0 = Debug|Any CPU
		{8171ECBD-EEA8-4E93-B33A-C214E058D649}.Debug|iPhoneSimulator.Deploy.0 = Debug|Any CPU
		{8171ECBD-EEA8-4E93-B33A-C214E058D649}.Release|Any CPU.ActiveCfg = Release|Any CPU
		{8171ECBD-EEA8-4E93-B33A-C214E058D649}.Release|Any CPU.Build.0 = Release|Any CPU
		{8171ECBD-EEA8-4E93-B33A-C214E058D649}.Release|Any CPU.Deploy.0 = Release|Any CPU
		{8171ECBD-EEA8-4E93-B33A-C214E058D649}.Release|iPhone.ActiveCfg = Release|Any CPU
		{8171ECBD-EEA8-4E93-B33A-C214E058D649}.Release|iPhone.Build.0 = Release|Any CPU
		{8171ECBD-EEA8-4E93-B33A-C214E058D649}.Release|iPhone.Deploy.0 = Release|Any CPU
		{8171ECBD-EEA8-4E93-B33A-C214E058D649}.Release|iPhoneSimulator.ActiveCfg = Release|Any CPU
		{8171ECBD-EEA8-4E93-B33A-C214E058D649}.Release|iPhoneSimulator.Build.0 = Release|Any CPU
		{8171ECBD-EEA8-4E93-B33A-C214E058D649}.Release|iPhoneSimulator.Deploy.0 = Release|Any CPU
	EndGlobalSection
	GlobalSection(SolutionProperties) = preSolution
		HideSolutionNode = FALSE
	EndGlobalSection
	GlobalSection(ExtensibilityGlobals) = postSolution
		SolutionGuid = {D06BA886-5D89-4544-82A2-C2E01D0EAA0C}
	EndGlobalSection
EndGlobal
